
Microsoft Visual Studio Solution File, Format Version 12.00
# Visual Studio Version 17
VisualStudioVersion = 17.7.34031.279
MinimumVisualStudioVersion = 10.0.40219.1
Project("{9A19103F-16F7-4668-BE54-9A1E7A4F7556}") = "Car Rental G", "Car Rental G\Car Rental G.csproj", "{B511B5A1-F113-4347-96A3-FC57CAC5EA9A}"
EndProject
Project("{9A19103F-16F7-4668-BE54-9A1E7A4F7556}") = "Car Rental.Business", "Car Rental.Business\Car Rental.Business.csproj", "{609CA2C8-18BC-498E-87F3-5CA55DC9C463}"
EndProject
Project("{9A19103F-16F7-4668-BE54-9A1E7A4F7556}") = "Car Rental.Data", "Car Rental.Data\Car Rental.Data.csproj", "{7A7D1A9F-6EE2-4531-A1DE-C75ADA833F5B}"
EndProject
Project("{FAE04EC0-301F-11D3-BF4B-00C04F79EFBC}") = "Car Rental.Common", "Car Rental.Common\Car Rental.Common.csproj", "{2F72E357-2F12-4539-A640-94B1A7558C60}"
EndProject
Global
	GlobalSection(SolutionConfigurationPlatforms) = preSolution
		Debug|Any CPU = Debug|Any CPU
		Release|Any CPU = Release|Any CPU
	EndGlobalSection
	GlobalSection(ProjectConfigurationPlatforms) = postSolution
		{B511B5A1-F113-4347-96A3-FC57CAC5EA9A}.Debug|Any CPU.ActiveCfg = Debug|Any CPU
		{B511B5A1-F113-4347-96A3-FC57CAC5EA9A}.Debug|Any CPU.Build.0 = Debug|Any CPU
		{B511B5A1-F113-4347-96A3-FC57CAC5EA9A}.Release|Any CPU.ActiveCfg = Release|Any CPU
		{B511B5A1-F113-4347-96A3-FC57CAC5EA9A}.Release|Any CPU.Build.0 = Release|Any CPU
		{609CA2C8-18BC-498E-87F3-5CA55DC9C463}.Debug|Any CPU.ActiveCfg = Debug|Any CPU
		{609CA2C8-18BC-498E-87F3-5CA55DC9C463}.Debug|Any CPU.Build.0 = Debug|Any CPU
		{609CA2C8-18BC-498E-87F3-5CA55DC9C463}.Release|Any CPU.ActiveCfg = Release|Any CPU
		{609CA2C8-18BC-498E-87F3-5CA55DC9C463}.Release|Any CPU.Build.0 = Release|Any CPU
		{7A7D1A9F-6EE2-4531-A1DE-C75ADA833F5B}.Debug|Any CPU.ActiveCfg = Debug|Any CPU
		{7A7D1A9F-6EE2-4531-A1DE-C75ADA833F5B}.Debug|Any CPU.Build.0 = Debug|Any CPU
		{7A7D1A9F-6EE2-4531-A1DE-C75ADA833F5B}.Release|Any CPU.ActiveCfg = Release|Any CPU
		{7A7D1A9F-6EE2-4531-A1DE-C75ADA833F5B}.Release|Any CPU.Build.0 = Release|Any CPU
		{2F72E357-2F12-4539-A640-94B1A7558C60}.Debug|Any CPU.ActiveCfg = Debug|Any CPU
		{2F72E357-2F12-4539-A640-94B1A7558C60}.Debug|Any CPU.Build.0 = Debug|Any CPU
		{2F72E357-2F12-4539-A640-94B1A7558C60}.Release|Any CPU.ActiveCfg = Release|Any CPU
		{2F72E357-2F12-4539-A640-94B1A7558C60}.Release|Any CPU.Build.0 = Release|Any CPU
	EndGlobalSection
	GlobalSection(SolutionProperties) = preSolution
		HideSolutionNode = FALSE
	EndGlobalSection
	GlobalSection(ExtensibilityGlobals) = postSolution
		SolutionGuid = {467175E0-0527-447F-970D-CEB410DF606A}
	EndGlobalSection
EndGlobal
